
Microsoft Visual Studio Solution File, Format Version 12.00
# Visual Studio Version 17
VisualStudioVersion = 17.5.002.0
MinimumVisualStudioVersion = 10.0.40219.1
Project("{9A19103F-16F7-4668-BE54-9A1E7A4F7556}") = "Benchmarking", "Benchmarking.csproj", "{965C3686-869C-46CE-8CC0-7D9AB778EA43}"
EndProject
Project("{2150E333-8FDC-42A3-9474-1A3956D46DE8}") = "bin", "bin", "{23EA614B-1336-46E9-A250-5E2F02A57EAD}"
EndProject
Project("{2150E333-8FDC-42A3-9474-1A3956D46DE8}") = "Release", "Release", "{2B96BB2B-01FB-4B58-BEBC-452F254FD807}"
EndProject
Project("{2150E333-8FDC-42A3-9474-1A3956D46DE8}") = "net6.0", "net6.0", "{0FB0C514-5E59-44A8-B3DE-8E23602E09F9}"
EndProject
Project("{9A19103F-16F7-4668-BE54-9A1E7A4F7556}") = "BenchmarkDotNet.Autogenerated", "bin\Release\net6.0\7e495cb1-cd68-45ff-884a-d6c3d85c4b26\BenchmarkDotNet.Autogenerated.csproj", "{F93AA5B4-BD15-4017-B9A9-577BA2274256}"
EndProject
Project("{9A19103F-16F7-4668-BE54-9A1E7A4F7556}") = "BenchmarkDotNet.Autogenerated (1)", "bin\Release\net6.0\d03550bc-8c0d-4eff-a983-014aff6fab63\BenchmarkDotNet.Autogenerated.csproj", "{A9BFD581-DF6C-4E37-8262-EDF3F06B6B08}"
EndProject
Global
	GlobalSection(SolutionConfigurationPlatforms) = preSolution
		Debug|Any CPU = Debug|Any CPU
		Release|Any CPU = Release|Any CPU
	EndGlobalSection
	GlobalSection(ProjectConfigurationPlatforms) = postSolution
		{965C3686-869C-46CE-8CC0-7D9AB778EA43}.Debug|Any CPU.ActiveCfg = Debug|Any CPU
		{965C3686-869C-46CE-8CC0-7D9AB778EA43}.Debug|Any CPU.Build.0 = Debug|Any CPU
		{965C3686-869C-46CE-8CC0-7D9AB778EA43}.Release|Any CPU.ActiveCfg = Release|Any CPU
		{965C3686-869C-46CE-8CC0-7D9AB778EA43}.Release|Any CPU.Build.0 = Release|Any CPU
		{F93AA5B4-BD15-4017-B9A9-577BA2274256}.Debug|Any CPU.ActiveCfg = Debug|Any CPU
		{F93AA5B4-BD15-4017-B9A9-577BA2274256}.Debug|Any CPU.Build.0 = Debug|Any CPU
		{F93AA5B4-BD15-4017-B9A9-577BA2274256}.Release|Any CPU.ActiveCfg = Release|Any CPU
		{F93AA5B4-BD15-4017-B9A9-577BA2274256}.Release|Any CPU.Build.0 = Release|Any CPU
		{A9BFD581-DF6C-4E37-8262-EDF3F06B6B08}.Debug|Any CPU.ActiveCfg = Debug|Any CPU
		{A9BFD581-DF6C-4E37-8262-EDF3F06B6B08}.Debug|Any CPU.Build.0 = Debug|Any CPU
		{A9BFD581-DF6C-4E37-8262-EDF3F06B6B08}.Release|Any CPU.ActiveCfg = Release|Any CPU
		{A9BFD581-DF6C-4E37-8262-EDF3F06B6B08}.Release|Any CPU.Build.0 = Release|Any CPU
	EndGlobalSection
	GlobalSection(SolutionProperties) = preSolution
		HideSolutionNode = FALSE
	EndGlobalSection
	GlobalSection(NestedProjects) = preSolution
		{2B96BB2B-01FB-4B58-BEBC-452F254FD807} = {23EA614B-1336-46E9-A250-5E2F02A57EAD}
		{0FB0C514-5E59-44A8-B3DE-8E23602E09F9} = {2B96BB2B-01FB-4B58-BEBC-452F254FD807}
		{F93AA5B4-BD15-4017-B9A9-577BA2274256} = {0FB0C514-5E59-44A8-B3DE-8E23602E09F9}
		{A9BFD581-DF6C-4E37-8262-EDF3F06B6B08} = {0FB0C514-5E59-44A8-B3DE-8E23602E09F9}
	EndGlobalSection
	GlobalSection(ExtensibilityGlobals) = postSolution
		SolutionGuid = {6570CC39-17ED-4A5E-BAFD-BF800404D715}
	EndGlobalSection
EndGlobal
